
Microsoft Visual Studio Solution File, Format Version 12.00
# Visual Studio Version 17
VisualStudioVersion = 17.3.32929.385
MinimumVisualStudioVersion = 10.0.40219.1
Project("{FAE04EC0-301F-11D3-BF4B-00C04F79EFBC}") = "ConsoleApp4", "ConsoleApp4\ConsoleApp4.csproj", "{157F2BE5-5EDA-400C-8F3E-A146C2704D91}"
EndProject
Global
	GlobalSection(SolutionConfigurationPlatforms) = preSolution
		Debug|Any CPU = Debug|Any CPU
		Release|Any CPU = Release|Any CPU
	EndGlobalSection
	GlobalSection(ProjectConfigurationPlatforms) = postSolution
		{157F2BE5-5EDA-400C-8F3E-A146C2704D91}.Debug|Any CPU.ActiveCfg = Debug|Any CPU
		{157F2BE5-5EDA-400C-8F3E-A146C2704D91}.Debug|Any CPU.Build.0 = Debug|Any CPU
		{157F2BE5-5EDA-400C-8F3E-A146C2704D91}.Release|Any CPU.ActiveCfg = Release|Any CPU
		{157F2BE5-5EDA-400C-8F3E-A146C2704D91}.Release|Any CPU.Build.0 = Release|Any CPU
	EndGlobalSection
	GlobalSection(SolutionProperties) = preSolution
		HideSolutionNode = FALSE
	EndGlobalSection
	GlobalSection(ExtensibilityGlobals) = postSolution
		SolutionGuid = {1E9250EF-2995-49C4-9337-262765105BBD}
	EndGlobalSection
EndGlobal
