
Microsoft Visual Studio Solution File, Format Version 12.00
# Visual Studio Version 17
VisualStudioVersion = 17.3.32929.385
MinimumVisualStudioVersion = 10.0.40219.1
Project("{FAE04EC0-301F-11D3-BF4B-00C04F79EFBC}") = "WinFormsApp1", "WinFormsApp1\WinFormsApp1.csproj", "{DFE0DA9E-1BD9-4E91-8299-680EF2FB7D67}"
EndProject
Global
	GlobalSection(SolutionConfigurationPlatforms) = preSolution
		Debug|Any CPU = Debug|Any CPU
		Release|Any CPU = Release|Any CPU
	EndGlobalSection
	GlobalSection(ProjectConfigurationPlatforms) = postSolution
		{DFE0DA9E-1BD9-4E91-8299-680EF2FB7D67}.Debug|Any CPU.ActiveCfg = Debug|Any CPU
		{DFE0DA9E-1BD9-4E91-8299-680EF2FB7D67}.Debug|Any CPU.Build.0 = Debug|Any CPU
		{DFE0DA9E-1BD9-4E91-8299-680EF2FB7D67}.Release|Any CPU.ActiveCfg = Release|Any CPU
		{DFE0DA9E-1BD9-4E91-8299-680EF2FB7D67}.Release|Any CPU.Build.0 = Release|Any CPU
	EndGlobalSection
	GlobalSection(SolutionProperties) = preSolution
		HideSolutionNode = FALSE
	EndGlobalSection
	GlobalSection(ExtensibilityGlobals) = postSolution
		SolutionGuid = {00F54C0E-23D8-4CE8-8B68-72E6002F9808}
	EndGlobalSection
EndGlobal
