
Microsoft Visual Studio Solution File, Format Version 12.00
# Visual Studio Version 17
VisualStudioVersion = 17.3.32929.385
MinimumVisualStudioVersion = 10.0.40219.1
Project("{FAE04EC0-301F-11D3-BF4B-00C04F79EFBC}") = "girilen_sayi_tekmi_ciftmi", "girilen_sayi_tekmi_ciftmi\girilen_sayi_tekmi_ciftmi.csproj", "{5140BAC6-319F-47F3-914C-732B7C73C22E}"
EndProject
Global
	GlobalSection(SolutionConfigurationPlatforms) = preSolution
		Debug|Any CPU = Debug|Any CPU
		Release|Any CPU = Release|Any CPU
	EndGlobalSection
	GlobalSection(ProjectConfigurationPlatforms) = postSolution
		{5140BAC6-319F-47F3-914C-732B7C73C22E}.Debug|Any CPU.ActiveCfg = Debug|Any CPU
		{5140BAC6-319F-47F3-914C-732B7C73C22E}.Debug|Any CPU.Build.0 = Debug|Any CPU
		{5140BAC6-319F-47F3-914C-732B7C73C22E}.Release|Any CPU.ActiveCfg = Release|Any CPU
		{5140BAC6-319F-47F3-914C-732B7C73C22E}.Release|Any CPU.Build.0 = Release|Any CPU
	EndGlobalSection
	GlobalSection(SolutionProperties) = preSolution
		HideSolutionNode = FALSE
	EndGlobalSection
	GlobalSection(ExtensibilityGlobals) = postSolution
		SolutionGuid = {BE5C23DA-8B8C-4BA5-84DD-5ADE1F1B2BA7}
	EndGlobalSection
EndGlobal
