
Microsoft Visual Studio Solution File, Format Version 12.00
# Visual Studio Version 17
VisualStudioVersion = 17.3.32929.385
MinimumVisualStudioVersion = 10.0.40219.1
Project("{FAE04EC0-301F-11D3-BF4B-00C04F79EFBC}") = "asal_sayı_kontrol", "asal_sayı_kontrol\asal_sayı_kontrol.csproj", "{3988402C-C631-4DB6-9499-89D750224437}"
EndProject
Global
	GlobalSection(SolutionConfigurationPlatforms) = preSolution
		Debug|Any CPU = Debug|Any CPU
		Release|Any CPU = Release|Any CPU
	EndGlobalSection
	GlobalSection(ProjectConfigurationPlatforms) = postSolution
		{3988402C-C631-4DB6-9499-89D750224437}.Debug|Any CPU.ActiveCfg = Debug|Any CPU
		{3988402C-C631-4DB6-9499-89D750224437}.Debug|Any CPU.Build.0 = Debug|Any CPU
		{3988402C-C631-4DB6-9499-89D750224437}.Release|Any CPU.ActiveCfg = Release|Any CPU
		{3988402C-C631-4DB6-9499-89D750224437}.Release|Any CPU.Build.0 = Release|Any CPU
	EndGlobalSection
	GlobalSection(SolutionProperties) = preSolution
		HideSolutionNode = FALSE
	EndGlobalSection
	GlobalSection(ExtensibilityGlobals) = postSolution
		SolutionGuid = {11B8AE60-CFB6-4521-B8FC-DC49FE5430A1}
	EndGlobalSection
EndGlobal
